
Microsoft Visual Studio Solution File, Format Version 12.00
# Visual Studio Version 17
VisualStudioVersion = 17.8.34511.84
MinimumVisualStudioVersion = 10.0.40219.1
Project("{FAE04EC0-301F-11D3-BF4B-00C04F79EFBC}") = "Rebel_foods", "Rebel_foods\Rebel_foods.csproj", "{93B3BC12-CD3D-4EB1-A86F-5978F1FA2111}"
EndProject
Global
	GlobalSection(SolutionConfigurationPlatforms) = preSolution
		Debug|Any CPU = Debug|Any CPU
		Release|Any CPU = Release|Any CPU
	EndGlobalSection
	GlobalSection(ProjectConfigurationPlatforms) = postSolution
		{93B3BC12-CD3D-4EB1-A86F-5978F1FA2111}.Debug|Any CPU.ActiveCfg = Debug|Any CPU
		{93B3BC12-CD3D-4EB1-A86F-5978F1FA2111}.Debug|Any CPU.Build.0 = Debug|Any CPU
		{93B3BC12-CD3D-4EB1-A86F-5978F1FA2111}.Release|Any CPU.ActiveCfg = Release|Any CPU
		{93B3BC12-CD3D-4EB1-A86F-5978F1FA2111}.Release|Any CPU.Build.0 = Release|Any CPU
	EndGlobalSection
	GlobalSection(SolutionProperties) = preSolution
		HideSolutionNode = FALSE
	EndGlobalSection
	GlobalSection(ExtensibilityGlobals) = postSolution
		SolutionGuid = {A6C0AD2D-673D-490E-92F9-C037A39005DF}
	EndGlobalSection
EndGlobal
